
Microsoft Visual Studio Solution File, Format Version 12.00
# Visual Studio Version 17
VisualStudioVersion = 17.9.34728.123
MinimumVisualStudioVersion = 10.0.40219.1
Project("{2150E333-8FDC-42A3-9474-1A3956D46DE8}") = "ShopManagement", "ShopManagement", "{43181434-05AF-4FC8-9FDC-D5D42AA16DB2}"
EndProject
Project("{9A19103F-16F7-4668-BE54-9A1E7A4F7556}") = "FrameWork", "FrameWork\FrameWork.csproj", "{27C8C236-2607-4237-AC00-B657750F783C}"
EndProject
Project("{9A19103F-16F7-4668-BE54-9A1E7A4F7556}") = "ShMa.Domain", "ShMa.Domain\ShMa.Domain.csproj", "{48A6D905-F37B-4CEC-998D-41545730EE5E}"
EndProject
Project("{9A19103F-16F7-4668-BE54-9A1E7A4F7556}") = "ShMa.Infrastructure.EfCore", "ShMa.Infrastructure.EfCore\ShMa.Infrastructure.EfCore.csproj", "{57D27DDA-37B1-4867-9274-C2A37E3C0BC9}"
EndProject
Project("{9A19103F-16F7-4668-BE54-9A1E7A4F7556}") = "ShMa.Application.Contracts", "ShMa.Application.Contracts\ShMa.Application.Contracts.csproj", "{3459C36E-735D-47C4-81F3-D009CA03C25D}"
EndProject
Project("{9A19103F-16F7-4668-BE54-9A1E7A4F7556}") = "ShMa.Application", "ShMa.Application\ShMa.Application.csproj", "{B64DC050-C176-4332-BD31-E9B371E10404}"
EndProject
Project("{2150E333-8FDC-42A3-9474-1A3956D46DE8}") = "ShMa.Application", "ShMa.Application", "{AEA17191-134C-43DB-8D63-3E23F81DF689}"
EndProject
Project("{2150E333-8FDC-42A3-9474-1A3956D46DE8}") = "ShMa.Domain", "ShMa.Domain", "{87657D71-2FE2-46B4-8516-BE6E1F168518}"
EndProject
Project("{2150E333-8FDC-42A3-9474-1A3956D46DE8}") = "ShMa.Infrastructure.EfCore", "ShMa.Infrastructure.EfCore", "{A41784B2-1B7E-4B2B-A374-476857EFB1C9}"
EndProject
Project("{9A19103F-16F7-4668-BE54-9A1E7A4F7556}") = "ShMa.Infrastructure.Management", "ShMa.Infrastructure.Management\ShMa.Infrastructure.Management.csproj", "{7EF3C7DF-B032-4F7F-A56F-1204B3F37FAD}"
EndProject
Project("{9A19103F-16F7-4668-BE54-9A1E7A4F7556}") = "ServerHost", "ServerHost\ServerHost.csproj", "{43212B2B-C779-44FD-B8F6-1A0BF658DD0D}"
EndProject
Project("{2150E333-8FDC-42A3-9474-1A3956D46DE8}") = "DiscountManagement", "DiscountManagement", "{B332C1BD-D61F-4BD5-84AF-014BC6590678}"
EndProject
Project("{2150E333-8FDC-42A3-9474-1A3956D46DE8}") = "DM. Domain", "DM. Domain", "{2776FA30-2886-4FA9-9B5B-C6B8B47A440E}"
EndProject
Project("{2150E333-8FDC-42A3-9474-1A3956D46DE8}") = "DM. Application", "DM. Application", "{BB51B9EE-9A27-442C-B66C-51A1DCC4239C}"
EndProject
Project("{2150E333-8FDC-42A3-9474-1A3956D46DE8}") = "DM. Infrastructure EfCore", "DM. Infrastructure EfCore", "{21D05202-E009-421F-9760-E0802AB42CEA}"
EndProject
Project("{FAE04EC0-301F-11D3-BF4B-00C04F79EFBC}") = "Dm. Domain", "Dm. Domain\Dm. Domain.csproj", "{D4DD9C31-E2A3-4EC2-BF4E-0B7D65F54AD9}"
EndProject
Project("{FAE04EC0-301F-11D3-BF4B-00C04F79EFBC}") = "DM. Application.Contracts", "DM. Application.Contracts\DM. Application.Contracts.csproj", "{83BB7C90-6B06-4DEF-A5BC-C83A17D41060}"
EndProject
Project("{FAE04EC0-301F-11D3-BF4B-00C04F79EFBC}") = "DM. Application", "DM. Application\DM. Application.csproj", "{4FDECE3F-2A19-473A-B2EE-8902AFB33D88}"
EndProject
Project("{FAE04EC0-301F-11D3-BF4B-00C04F79EFBC}") = "Dm. Infrastructure EfCore", "Dm. Infrastructure\Dm. Infrastructure EfCore.csproj", "{94977A68-9176-4CBB-98B4-5D228559ADC5}"
EndProject
Project("{FAE04EC0-301F-11D3-BF4B-00C04F79EFBC}") = "Dm. Infrastructure Management", "Dm. Infrastructure Management\Dm. Infrastructure Management.csproj", "{C78A27ED-019A-44C2-A4B3-98238549D6BC}"
EndProject
Global
	GlobalSection(SolutionConfigurationPlatforms) = preSolution
		Debug|Any CPU = Debug|Any CPU
		Release|Any CPU = Release|Any CPU
	EndGlobalSection
	GlobalSection(ProjectConfigurationPlatforms) = postSolution
		{27C8C236-2607-4237-AC00-B657750F783C}.Debug|Any CPU.ActiveCfg = Debug|Any CPU
		{27C8C236-2607-4237-AC00-B657750F783C}.Debug|Any CPU.Build.0 = Debug|Any CPU
		{27C8C236-2607-4237-AC00-B657750F783C}.Release|Any CPU.ActiveCfg = Release|Any CPU
		{27C8C236-2607-4237-AC00-B657750F783C}.Release|Any CPU.Build.0 = Release|Any CPU
		{48A6D905-F37B-4CEC-998D-41545730EE5E}.Debug|Any CPU.ActiveCfg = Debug|Any CPU
		{48A6D905-F37B-4CEC-998D-41545730EE5E}.Debug|Any CPU.Build.0 = Debug|Any CPU
		{48A6D905-F37B-4CEC-998D-41545730EE5E}.Release|Any CPU.ActiveCfg = Release|Any CPU
		{48A6D905-F37B-4CEC-998D-41545730EE5E}.Release|Any CPU.Build.0 = Release|Any CPU
		{57D27DDA-37B1-4867-9274-C2A37E3C0BC9}.Debug|Any CPU.ActiveCfg = Debug|Any CPU
		{57D27DDA-37B1-4867-9274-C2A37E3C0BC9}.Debug|Any CPU.Build.0 = Debug|Any CPU
		{57D27DDA-37B1-4867-9274-C2A37E3C0BC9}.Release|Any CPU.ActiveCfg = Release|Any CPU
		{57D27DDA-37B1-4867-9274-C2A37E3C0BC9}.Release|Any CPU.Build.0 = Release|Any CPU
		{3459C36E-735D-47C4-81F3-D009CA03C25D}.Debug|Any CPU.ActiveCfg = Debug|Any CPU
		{3459C36E-735D-47C4-81F3-D009CA03C25D}.Debug|Any CPU.Build.0 = Debug|Any CPU
		{3459C36E-735D-47C4-81F3-D009CA03C25D}.Release|Any CPU.ActiveCfg = Release|Any CPU
		{3459C36E-735D-47C4-81F3-D009CA03C25D}.Release|Any CPU.Build.0 = Release|Any CPU
		{B64DC050-C176-4332-BD31-E9B371E10404}.Debug|Any CPU.ActiveCfg = Debug|Any CPU
		{B64DC050-C176-4332-BD31-E9B371E10404}.Debug|Any CPU.Build.0 = Debug|Any CPU
		{B64DC050-C176-4332-BD31-E9B371E10404}.Release|Any CPU.ActiveCfg = Release|Any CPU
		{B64DC050-C176-4332-BD31-E9B371E10404}.Release|Any CPU.Build.0 = Release|Any CPU
		{7EF3C7DF-B032-4F7F-A56F-1204B3F37FAD}.Debug|Any CPU.ActiveCfg = Debug|Any CPU
		{7EF3C7DF-B032-4F7F-A56F-1204B3F37FAD}.Debug|Any CPU.Build.0 = Debug|Any CPU
		{7EF3C7DF-B032-4F7F-A56F-1204B3F37FAD}.Release|Any CPU.ActiveCfg = Release|Any CPU
		{7EF3C7DF-B032-4F7F-A56F-1204B3F37FAD}.Release|Any CPU.Build.0 = Release|Any CPU
		{43212B2B-C779-44FD-B8F6-1A0BF658DD0D}.Debug|Any CPU.ActiveCfg = Debug|Any CPU
		{43212B2B-C779-44FD-B8F6-1A0BF658DD0D}.Debug|Any CPU.Build.0 = Debug|Any CPU
		{43212B2B-C779-44FD-B8F6-1A0BF658DD0D}.Release|Any CPU.ActiveCfg = Release|Any CPU
		{43212B2B-C779-44FD-B8F6-1A0BF658DD0D}.Release|Any CPU.Build.0 = Release|Any CPU
		{D4DD9C31-E2A3-4EC2-BF4E-0B7D65F54AD9}.Debug|Any CPU.ActiveCfg = Debug|Any CPU
		{D4DD9C31-E2A3-4EC2-BF4E-0B7D65F54AD9}.Debug|Any CPU.Build.0 = Debug|Any CPU
		{D4DD9C31-E2A3-4EC2-BF4E-0B7D65F54AD9}.Release|Any CPU.ActiveCfg = Release|Any CPU
		{D4DD9C31-E2A3-4EC2-BF4E-0B7D65F54AD9}.Release|Any CPU.Build.0 = Release|Any CPU
		{83BB7C90-6B06-4DEF-A5BC-C83A17D41060}.Debug|Any CPU.ActiveCfg = Debug|Any CPU
		{83BB7C90-6B06-4DEF-A5BC-C83A17D41060}.Debug|Any CPU.Build.0 = Debug|Any CPU
		{83BB7C90-6B06-4DEF-A5BC-C83A17D41060}.Release|Any CPU.ActiveCfg = Release|Any CPU
		{83BB7C90-6B06-4DEF-A5BC-C83A17D41060}.Release|Any CPU.Build.0 = Release|Any CPU
		{4FDECE3F-2A19-473A-B2EE-8902AFB33D88}.Debug|Any CPU.ActiveCfg = Debug|Any CPU
		{4FDECE3F-2A19-473A-B2EE-8902AFB33D88}.Debug|Any CPU.Build.0 = Debug|Any CPU
		{4FDECE3F-2A19-473A-B2EE-8902AFB33D88}.Release|Any CPU.ActiveCfg = Release|Any CPU
		{4FDECE3F-2A19-473A-B2EE-8902AFB33D88}.Release|Any CPU.Build.0 = Release|Any CPU
		{94977A68-9176-4CBB-98B4-5D228559ADC5}.Debug|Any CPU.ActiveCfg = Debug|Any CPU
		{94977A68-9176-4CBB-98B4-5D228559ADC5}.Debug|Any CPU.Build.0 = Debug|Any CPU
		{94977A68-9176-4CBB-98B4-5D228559ADC5}.Release|Any CPU.ActiveCfg = Release|Any CPU
		{94977A68-9176-4CBB-98B4-5D228559ADC5}.Release|Any CPU.Build.0 = Release|Any CPU
		{C78A27ED-019A-44C2-A4B3-98238549D6BC}.Debug|Any CPU.ActiveCfg = Debug|Any CPU
		{C78A27ED-019A-44C2-A4B3-98238549D6BC}.Debug|Any CPU.Build.0 = Debug|Any CPU
		{C78A27ED-019A-44C2-A4B3-98238549D6BC}.Release|Any CPU.ActiveCfg = Release|Any CPU
		{C78A27ED-019A-44C2-A4B3-98238549D6BC}.Release|Any CPU.Build.0 = Release|Any CPU
	EndGlobalSection
	GlobalSection(SolutionProperties) = preSolution
		HideSolutionNode = FALSE
	EndGlobalSection
	GlobalSection(NestedProjects) = preSolution
		{48A6D905-F37B-4CEC-998D-41545730EE5E} = {87657D71-2FE2-46B4-8516-BE6E1F168518}
		{57D27DDA-37B1-4867-9274-C2A37E3C0BC9} = {A41784B2-1B7E-4B2B-A374-476857EFB1C9}
		{3459C36E-735D-47C4-81F3-D009CA03C25D} = {AEA17191-134C-43DB-8D63-3E23F81DF689}
		{B64DC050-C176-4332-BD31-E9B371E10404} = {AEA17191-134C-43DB-8D63-3E23F81DF689}
		{AEA17191-134C-43DB-8D63-3E23F81DF689} = {43181434-05AF-4FC8-9FDC-D5D42AA16DB2}
		{87657D71-2FE2-46B4-8516-BE6E1F168518} = {43181434-05AF-4FC8-9FDC-D5D42AA16DB2}
		{A41784B2-1B7E-4B2B-A374-476857EFB1C9} = {43181434-05AF-4FC8-9FDC-D5D42AA16DB2}
		{7EF3C7DF-B032-4F7F-A56F-1204B3F37FAD} = {A41784B2-1B7E-4B2B-A374-476857EFB1C9}
		{2776FA30-2886-4FA9-9B5B-C6B8B47A440E} = {B332C1BD-D61F-4BD5-84AF-014BC6590678}
		{BB51B9EE-9A27-442C-B66C-51A1DCC4239C} = {B332C1BD-D61F-4BD5-84AF-014BC6590678}
		{21D05202-E009-421F-9760-E0802AB42CEA} = {B332C1BD-D61F-4BD5-84AF-014BC6590678}
		{D4DD9C31-E2A3-4EC2-BF4E-0B7D65F54AD9} = {2776FA30-2886-4FA9-9B5B-C6B8B47A440E}
		{83BB7C90-6B06-4DEF-A5BC-C83A17D41060} = {BB51B9EE-9A27-442C-B66C-51A1DCC4239C}
		{4FDECE3F-2A19-473A-B2EE-8902AFB33D88} = {BB51B9EE-9A27-442C-B66C-51A1DCC4239C}
		{94977A68-9176-4CBB-98B4-5D228559ADC5} = {21D05202-E009-421F-9760-E0802AB42CEA}
		{C78A27ED-019A-44C2-A4B3-98238549D6BC} = {21D05202-E009-421F-9760-E0802AB42CEA}
	EndGlobalSection
	GlobalSection(ExtensibilityGlobals) = postSolution
		SolutionGuid = {67D96C0A-65D1-495B-B24A-E2F6E85702FE}
	EndGlobalSection
EndGlobal
